
Microsoft Visual Studio Solution File, Format Version 12.00
Project("{FAE04EC0-301F-11D3-BF4B-00C04F79EFBC}") = "Kata1", "Kata1\Kata1.csproj", "{A768E18F-FF22-406A-91DB-46CA3F5E7817}"
EndProject
Project("{FAE04EC0-301F-11D3-BF4B-00C04F79EFBC}") = "Mini-Kata 1", "Mini-Kata 1\Mini-Kata 1.csproj", "{7558A812-9B72-41BE-A274-88A407D9B6CC}"
EndProject
Project("{FAE04EC0-301F-11D3-BF4B-00C04F79EFBC}") = "Mini-Kata 2", "Mini-Kata 2\Mini-Kata 2.csproj", "{23C537ED-42E2-4D4B-9CCB-46C8A915A658}"
EndProject
Project("{FAE04EC0-301F-11D3-BF4B-00C04F79EFBC}") = "Mini-Kata 3", "Mini-Kata 3\Mini-Kata 3.csproj", "{F78F0F64-CB44-49CC-BD9B-8C036C684C88}"
EndProject
Project("{FAE04EC0-301F-11D3-BF4B-00C04F79EFBC}") = "Kata2", "Kata2\Kata2.csproj", "{DB5A777C-7DE2-49F1-97BF-273E88822DC5}"
EndProject
Project("{FAE04EC0-301F-11D3-BF4B-00C04F79EFBC}") = "Mini-Kata 4", "Mini-Kata 4\Mini-Kata 4.csproj", "{B33883AC-1ED3-4EE2-A786-1FAC867D4325}"
EndProject
Project("{FAE04EC0-301F-11D3-BF4B-00C04F79EFBC}") = "Kata3", "Kata3\Kata3.csproj", "{D652A2C3-73CC-44B9-99C1-A1F6A5D0635B}"
EndProject
Global
	GlobalSection(SolutionConfigurationPlatforms) = preSolution
		Debug|Any CPU = Debug|Any CPU
		Release|Any CPU = Release|Any CPU
	EndGlobalSection
	GlobalSection(ProjectConfigurationPlatforms) = postSolution
		{A768E18F-FF22-406A-91DB-46CA3F5E7817}.Debug|Any CPU.ActiveCfg = Debug|Any CPU
		{A768E18F-FF22-406A-91DB-46CA3F5E7817}.Debug|Any CPU.Build.0 = Debug|Any CPU
		{A768E18F-FF22-406A-91DB-46CA3F5E7817}.Release|Any CPU.ActiveCfg = Release|Any CPU
		{A768E18F-FF22-406A-91DB-46CA3F5E7817}.Release|Any CPU.Build.0 = Release|Any CPU
		{7558A812-9B72-41BE-A274-88A407D9B6CC}.Debug|Any CPU.ActiveCfg = Debug|Any CPU
		{7558A812-9B72-41BE-A274-88A407D9B6CC}.Debug|Any CPU.Build.0 = Debug|Any CPU
		{7558A812-9B72-41BE-A274-88A407D9B6CC}.Release|Any CPU.ActiveCfg = Release|Any CPU
		{7558A812-9B72-41BE-A274-88A407D9B6CC}.Release|Any CPU.Build.0 = Release|Any CPU
		{23C537ED-42E2-4D4B-9CCB-46C8A915A658}.Debug|Any CPU.ActiveCfg = Debug|Any CPU
		{23C537ED-42E2-4D4B-9CCB-46C8A915A658}.Debug|Any CPU.Build.0 = Debug|Any CPU
		{23C537ED-42E2-4D4B-9CCB-46C8A915A658}.Release|Any CPU.ActiveCfg = Release|Any CPU
		{23C537ED-42E2-4D4B-9CCB-46C8A915A658}.Release|Any CPU.Build.0 = Release|Any CPU
		{F78F0F64-CB44-49CC-BD9B-8C036C684C88}.Debug|Any CPU.ActiveCfg = Debug|Any CPU
		{F78F0F64-CB44-49CC-BD9B-8C036C684C88}.Debug|Any CPU.Build.0 = Debug|Any CPU
		{F78F0F64-CB44-49CC-BD9B-8C036C684C88}.Release|Any CPU.ActiveCfg = Release|Any CPU
		{F78F0F64-CB44-49CC-BD9B-8C036C684C88}.Release|Any CPU.Build.0 = Release|Any CPU
		{DB5A777C-7DE2-49F1-97BF-273E88822DC5}.Debug|Any CPU.ActiveCfg = Debug|Any CPU
		{DB5A777C-7DE2-49F1-97BF-273E88822DC5}.Debug|Any CPU.Build.0 = Debug|Any CPU
		{DB5A777C-7DE2-49F1-97BF-273E88822DC5}.Release|Any CPU.ActiveCfg = Release|Any CPU
		{DB5A777C-7DE2-49F1-97BF-273E88822DC5}.Release|Any CPU.Build.0 = Release|Any CPU
		{B33883AC-1ED3-4EE2-A786-1FAC867D4325}.Debug|Any CPU.ActiveCfg = Debug|Any CPU
		{B33883AC-1ED3-4EE2-A786-1FAC867D4325}.Debug|Any CPU.Build.0 = Debug|Any CPU
		{B33883AC-1ED3-4EE2-A786-1FAC867D4325}.Release|Any CPU.ActiveCfg = Release|Any CPU
		{B33883AC-1ED3-4EE2-A786-1FAC867D4325}.Release|Any CPU.Build.0 = Release|Any CPU
		{D652A2C3-73CC-44B9-99C1-A1F6A5D0635B}.Debug|Any CPU.ActiveCfg = Debug|Any CPU
		{D652A2C3-73CC-44B9-99C1-A1F6A5D0635B}.Debug|Any CPU.Build.0 = Debug|Any CPU
		{D652A2C3-73CC-44B9-99C1-A1F6A5D0635B}.Release|Any CPU.ActiveCfg = Release|Any CPU
		{D652A2C3-73CC-44B9-99C1-A1F6A5D0635B}.Release|Any CPU.Build.0 = Release|Any CPU
	EndGlobalSection
EndGlobal
